{
  "nodes": {
    "dotfiles": {
      "locked": {
        "lastModified": 1749141422,
        "narHash": "sha256-SMZZCulCiPsUD82A4+94tsEPFB6MA/k6uYAs/L/RAcE=",
        "owner": "sjbodzo",
        "repo": "dotfiles",
        "rev": "0be192dbda00b555d5db3ec57b731905727110ac",
        "type": "github"
      },
      "original": {
        "owner": "sjbodzo",
        "repo": "dotfiles",
        "type": "github"
      }
    },
    "home-manager": {
      "inputs": {
        "nixpkgs": [
          "nixpkgs-darwin"
        ]
      },
      "locked": {
        "lastModified": 1747688870,
        "narHash": "sha256-ypL9WAZfmJr5V70jEVzqGjjQzF0uCkz+AFQF7n9NmNc=",
        "owner": "nix-community",
        "repo": "home-manager",
        "rev": "d5f1f641b289553927b3801580598d200a501863",
        "type": "github"
      },
      "original": {
        "owner": "nix-community",
        "ref": "release-24.11",
        "repo": "home-manager",
        "type": "github"
      }
    },
    "mkAlias": {
      "inputs": {
        "nixpkgs": [
          "nixpkgs-darwin"
        ]
      },
      "locked": {
        "lastModified": 1678667396,
        "narHash": "sha256-00gStGvYNlFi9d9e2KJr9qXlcJotry7YfZyv2NCAThE=",
        "owner": "cdmistman",
        "repo": "mkAlias",
        "rev": "ab1afe594a3da8be30814b735cc5ad53d7c326f7",
        "type": "github"
      },
      "original": {
        "owner": "cdmistman",
        "repo": "mkAlias",
        "type": "github"
      }
    },
    "nix-darwin": {
      "inputs": {
        "nixpkgs": [
          "nixpkgs-darwin"
        ]
      },
      "locked": {
        "lastModified": 1743127615,
        "narHash": "sha256-+sMGqywrSr50BGMLMeY789mSrzjkoxZiu61eWjYS/8o=",
        "owner": "lnl7",
        "repo": "nix-darwin",
        "rev": "fc843893cecc1838a59713ee3e50e9e7edc6207c",
        "type": "github"
      },
      "original": {
        "owner": "lnl7",
        "ref": "nix-darwin-24.11",
        "repo": "nix-darwin",
        "type": "github"
      }
    },
    "nix-home-manager": {
      "locked": {
        "lastModified": 1748716051,
        "narHash": "sha256-61c8IgHy4k72NYnvjZdI3pJ212M8kqqehv3ePOhkn9w=",
        "owner": "sjbodzo",
        "repo": "nix-home-manager",
        "rev": "34fdcbce19373d8e3171cfa89f199cf43d6db9a4",
        "type": "github"
      },
      "original": {
        "owner": "sjbodzo",
        "repo": "nix-home-manager",
        "type": "github"
      }
    },
    "nixpkgs": {
      "locked": {
        "lastModified": 0,
        "narHash": "sha256-bW0ZaGOErMm7/Tfs+zhmBEURH0OVVT02dHITSDXEPjY=",
        "path": "/nix/store/0wf1wlqjj7zn6mdskvv919knhwy3gql6-source",
        "type": "path"
      },
      "original": {
        "id": "nixpkgs",
        "type": "indirect"
      }
    },
    "nixpkgs-darwin": {
      "locked": {
        "lastModified": 1749032889,
        "narHash": "sha256-IbqW89GosWV995Lb/9K8Q+FnyCWxF2ekPETvOJLGaiI=",
        "owner": "nixos",
        "repo": "nixpkgs",
        "rev": "94164baa35bd4ef72b111f79fdf629d1ab9f416b",
        "type": "github"
      },
      "original": {
        "owner": "nixos",
        "ref": "nixpkgs-24.11-darwin",
        "repo": "nixpkgs",
        "type": "github"
      }
    },
    "nixpkgs-locked": {
      "locked": {
        "lastModified": 1712791164,
        "narHash": "sha256-3sbWO1mbpWsLepZGbWaMovSO7ndZeFqDSdX0hZ9nVyw=",
        "owner": "NixOS",
        "repo": "nixpkgs",
        "rev": "1042fd8b148a9105f3c0aca3a6177fd1d9360ba5",
        "type": "github"
      },
      "original": {
        "owner": "NixOS",
        "repo": "nixpkgs",
        "rev": "1042fd8b148a9105f3c0aca3a6177fd1d9360ba5",
        "type": "github"
      }
    },
    "nixpkgs-unstable": {
      "locked": {
        "lastModified": 1748929857,
        "narHash": "sha256-lcZQ8RhsmhsK8u7LIFsJhsLh/pzR9yZ8yqpTzyGdj+Q=",
        "owner": "NixOS",
        "repo": "nixpkgs",
        "rev": "c2a03962b8e24e669fb37b7df10e7c79531ff1a4",
        "type": "github"
      },
      "original": {
        "owner": "NixOS",
        "ref": "nixos-unstable",
        "repo": "nixpkgs",
        "type": "github"
      }
    },
    "root": {
      "inputs": {
        "dotfiles": "dotfiles",
        "home-manager": "home-manager",
        "mkAlias": "mkAlias",
        "nix-darwin": "nix-darwin",
        "nix-home-manager": "nix-home-manager",
        "nixpkgs": "nixpkgs",
        "nixpkgs-darwin": "nixpkgs-darwin",
        "nixpkgs-locked": "nixpkgs-locked",
        "nixpkgs-unstable": "nixpkgs-unstable"
      }
    }
  },
  "root": "root",
  "version": 7
}
